{
  "name": "004-rollup",
  "version": "1.0.2",
  "lockfileVersion": 1,
  "requires": true,
  "dependencies": {
    "@types/estree": {
      "version": "0.0.39",
      "resolved": "https://registry.npm.taobao.org/@types/estree/download/@types/estree-0.0.39.tgz",
      "integrity": "sha1-4Xfmme4bjCLSMXTKqnQiZEOJUJ8=",
      "dev": true
    },
    "@types/node": {
      "version": "12.0.7",
      "resolved": "https://registry.npm.taobao.org/@types/node/download/@types/node-12.0.7.tgz",
      "integrity": "sha1-TyVjutZSsqyxci1+eq4rD/YtGSw=",
      "dev": true
    },
    "acorn": {
      "version": "6.1.1",
      "resolved": "http://registry.npm.taobao.org/acorn/download/acorn-6.1.1.tgz",
      "integrity": "sha1-fSWuBbuK0fm2mRCOEJTs14hK3B8=",
      "dev": true
    },
    "estree-walker": {
      "version": "0.6.1",
      "resolved": "https://registry.npm.taobao.org/estree-walker/download/estree-walker-0.6.1.tgz",
      "integrity": "sha1-UwSRQ/QMbrkYsjZx0f4yGfOhs2I=",
      "dev": true
    },
    "lodash": {
      "version": "4.17.19",
      "resolved": "https://registry.npmjs.org/lodash/-/lodash-4.17.19.tgz",
      "integrity": "sha512-JNvd8XER9GQX0v2qJgsaN/mzFCNA5BRe/j8JN9d+tWyGLSodKQHKFicdwNYzWwI3wjRnaKPsGj1XkBjx/F96DQ=="
    },
    "rollup": {
      "version": "1.14.4",
      "resolved": "https://registry.npm.taobao.org/rollup/download/rollup-1.14.4.tgz",
      "integrity": "sha1-+a948ULoxYUeM5K9pIjfSJGBrGA=",
      "dev": true,
      "requires": {
        "@types/estree": "0.0.39",
        "@types/node": "^12.0.3",
        "acorn": "^6.1.1"
      }
    },
    "rollup-plugin-json": {
      "version": "4.0.0",
      "resolved": "https://registry.npm.taobao.org/rollup-plugin-json/download/rollup-plugin-json-4.0.0.tgz",
      "integrity": "sha1-oY2gpLML9coe523bFCKvu4SuK54=",
      "dev": true,
      "requires": {
        "rollup-pluginutils": "^2.5.0"
      }
    },
    "rollup-pluginutils": {
      "version": "2.8.1",
      "resolved": "https://registry.npm.taobao.org/rollup-pluginutils/download/rollup-pluginutils-2.8.1.tgz",
      "integrity": "sha1-j6bdBpc0STjvJsLAnSSIzp4zzpc=",
      "dev": true,
      "requires": {
        "estree-walker": "^0.6.1"
      }
    }
  }
}
